
Microsoft Visual Studio Solution File, Format Version 12.00
# Visual Studio Version 16
VisualStudioVersion = 16.0.31729.503
MinimumVisualStudioVersion = 10.0.40219.1
Project("{FAE04EC0-301F-11D3-BF4B-00C04F79EFBC}") = "FizzBuzz.UnitTest", "FizzBuzz.UnitTest\FizzBuzz.UnitTest.csproj", "{791DE210-2326-413E-9016-8EF8AB730F4A}"
EndProject
Project("{FAE04EC0-301F-11D3-BF4B-00C04F79EFBC}") = "FizzBuzz.Domain", "FizzBuzz.Domain\FizzBuzz.Domain.csproj", "{935412D3-8E66-4515-A31B-58DD140F4E9F}"
EndProject
Project("{FAE04EC0-301F-11D3-BF4B-00C04F79EFBC}") = "FizzBuzz.Application", "FizzBuzz.Application\FizzBuzz.Application.csproj", "{22C12C10-A9CA-4899-85D9-692853A95CA5}"
EndProject
Global
	GlobalSection(SolutionConfigurationPlatforms) = preSolution
		Debug|Any CPU = Debug|Any CPU
		Release|Any CPU = Release|Any CPU
	EndGlobalSection
	GlobalSection(ProjectConfigurationPlatforms) = postSolution
		{791DE210-2326-413E-9016-8EF8AB730F4A}.Debug|Any CPU.ActiveCfg = Debug|Any CPU
		{791DE210-2326-413E-9016-8EF8AB730F4A}.Debug|Any CPU.Build.0 = Debug|Any CPU
		{791DE210-2326-413E-9016-8EF8AB730F4A}.Release|Any CPU.ActiveCfg = Release|Any CPU
		{791DE210-2326-413E-9016-8EF8AB730F4A}.Release|Any CPU.Build.0 = Release|Any CPU
		{935412D3-8E66-4515-A31B-58DD140F4E9F}.Debug|Any CPU.ActiveCfg = Debug|Any CPU
		{935412D3-8E66-4515-A31B-58DD140F4E9F}.Debug|Any CPU.Build.0 = Debug|Any CPU
		{935412D3-8E66-4515-A31B-58DD140F4E9F}.Release|Any CPU.ActiveCfg = Release|Any CPU
		{935412D3-8E66-4515-A31B-58DD140F4E9F}.Release|Any CPU.Build.0 = Release|Any CPU
		{22C12C10-A9CA-4899-85D9-692853A95CA5}.Debug|Any CPU.ActiveCfg = Debug|Any CPU
		{22C12C10-A9CA-4899-85D9-692853A95CA5}.Debug|Any CPU.Build.0 = Debug|Any CPU
		{22C12C10-A9CA-4899-85D9-692853A95CA5}.Release|Any CPU.ActiveCfg = Release|Any CPU
		{22C12C10-A9CA-4899-85D9-692853A95CA5}.Release|Any CPU.Build.0 = Release|Any CPU
	EndGlobalSection
	GlobalSection(SolutionProperties) = preSolution
		HideSolutionNode = FALSE
	EndGlobalSection
	GlobalSection(ExtensibilityGlobals) = postSolution
		SolutionGuid = {B4921BC3-054C-44B9-AB77-71C15B7D4AA4}
	EndGlobalSection
EndGlobal
